
Microsoft Visual Studio Solution File, Format Version 12.00
# Visual Studio Version 17
VisualStudioVersion = 17.0.31903.59
MinimumVisualStudioVersion = 10.0.40219.1
Project("{2150E333-8FDC-42A3-9474-1A3956D46DE8}") = "src", "src", "{029FA52B-8583-4547-B584-2E3DFF60826C}"
EndProject
Project("{FAE04EC0-301F-11D3-BF4B-00C04F79EFBC}") = "GoodHamburger.Domain", "src\GoodHamburger.Domain\GoodHamburger.Domain.csproj", "{872EF77E-13B3-4714-84CB-89D7CBD82BB5}"
EndProject
Project("{FAE04EC0-301F-11D3-BF4B-00C04F79EFBC}") = "GoodHamburger.Application", "src\GoodHamburger.Application\GoodHamburger.Application.csproj", "{FF6ED842-CDBB-4791-8183-700884E3B755}"
EndProject
Project("{FAE04EC0-301F-11D3-BF4B-00C04F79EFBC}") = "GoodHamburger.Infrastructure", "src\GoodHamburger.Infrastructure\GoodHamburger.Infrastructure.csproj", "{62CB84B8-BEA5-46FE-8BC0-0F203163295B}"
EndProject
Project("{FAE04EC0-301F-11D3-BF4B-00C04F79EFBC}") = "GoodHamburger.API", "src\GoodHamburger.API\GoodHamburger.API.csproj", "{C81AEE9D-73A4-4863-A837-E3D7F3758DBF}"
EndProject
Project("{2150E333-8FDC-42A3-9474-1A3956D46DE8}") = "tests", "tests", "{60E3CCD7-F753-42B7-A774-2A9C3715AE73}"
EndProject
Project("{FAE04EC0-301F-11D3-BF4B-00C04F79EFBC}") = "GoodHamburger.Tests.Domain", "tests\GoodHamburger.Tests.Domain\GoodHamburger.Tests.Domain.csproj", "{92E168C7-0A78-4819-A9E7-D98FBE8802C2}"
EndProject
Project("{FAE04EC0-301F-11D3-BF4B-00C04F79EFBC}") = "GoodHamburger.Tests.Application", "tests\GoodHamburger.Tests.Application\GoodHamburger.Tests.Application.csproj", "{9982B9B9-7719-466E-8D86-839395598062}"
EndProject
Project("{FAE04EC0-301F-11D3-BF4B-00C04F79EFBC}") = "GoodHamburger.Tests.Integration", "tests\GoodHamburger.Tests.Integration\GoodHamburger.Tests.Integration.csproj", "{9203CF6E-64CA-4E3D-AA0E-DB0C2ADCBAE9}"
EndProject
Global
	GlobalSection(SolutionConfigurationPlatforms) = preSolution
		Debug|Any CPU = Debug|Any CPU
		Release|Any CPU = Release|Any CPU
	EndGlobalSection
	GlobalSection(SolutionProperties) = preSolution
		HideSolutionNode = FALSE
	EndGlobalSection
	GlobalSection(ProjectConfigurationPlatforms) = postSolution
		{872EF77E-13B3-4714-84CB-89D7CBD82BB5}.Debug|Any CPU.ActiveCfg = Debug|Any CPU
		{872EF77E-13B3-4714-84CB-89D7CBD82BB5}.Debug|Any CPU.Build.0 = Debug|Any CPU
		{872EF77E-13B3-4714-84CB-89D7CBD82BB5}.Release|Any CPU.ActiveCfg = Release|Any CPU
		{872EF77E-13B3-4714-84CB-89D7CBD82BB5}.Release|Any CPU.Build.0 = Release|Any CPU
		{FF6ED842-CDBB-4791-8183-700884E3B755}.Debug|Any CPU.ActiveCfg = Debug|Any CPU
		{FF6ED842-CDBB-4791-8183-700884E3B755}.Debug|Any CPU.Build.0 = Debug|Any CPU
		{FF6ED842-CDBB-4791-8183-700884E3B755}.Release|Any CPU.ActiveCfg = Release|Any CPU
		{FF6ED842-CDBB-4791-8183-700884E3B755}.Release|Any CPU.Build.0 = Release|Any CPU
		{62CB84B8-BEA5-46FE-8BC0-0F203163295B}.Debug|Any CPU.ActiveCfg = Debug|Any CPU
		{62CB84B8-BEA5-46FE-8BC0-0F203163295B}.Debug|Any CPU.Build.0 = Debug|Any CPU
		{62CB84B8-BEA5-46FE-8BC0-0F203163295B}.Release|Any CPU.ActiveCfg = Release|Any CPU
		{62CB84B8-BEA5-46FE-8BC0-0F203163295B}.Release|Any CPU.Build.0 = Release|Any CPU
		{C81AEE9D-73A4-4863-A837-E3D7F3758DBF}.Debug|Any CPU.ActiveCfg = Debug|Any CPU
		{C81AEE9D-73A4-4863-A837-E3D7F3758DBF}.Debug|Any CPU.Build.0 = Debug|Any CPU
		{C81AEE9D-73A4-4863-A837-E3D7F3758DBF}.Release|Any CPU.ActiveCfg = Release|Any CPU
		{C81AEE9D-73A4-4863-A837-E3D7F3758DBF}.Release|Any CPU.Build.0 = Release|Any CPU
		{92E168C7-0A78-4819-A9E7-D98FBE8802C2}.Debug|Any CPU.ActiveCfg = Debug|Any CPU
		{92E168C7-0A78-4819-A9E7-D98FBE8802C2}.Debug|Any CPU.Build.0 = Debug|Any CPU
		{92E168C7-0A78-4819-A9E7-D98FBE8802C2}.Release|Any CPU.ActiveCfg = Release|Any CPU
		{92E168C7-0A78-4819-A9E7-D98FBE8802C2}.Release|Any CPU.Build.0 = Release|Any CPU
		{9982B9B9-7719-466E-8D86-839395598062}.Debug|Any CPU.ActiveCfg = Debug|Any CPU
		{9982B9B9-7719-466E-8D86-839395598062}.Debug|Any CPU.Build.0 = Debug|Any CPU
		{9982B9B9-7719-466E-8D86-839395598062}.Release|Any CPU.ActiveCfg = Release|Any CPU
		{9982B9B9-7719-466E-8D86-839395598062}.Release|Any CPU.Build.0 = Release|Any CPU
		{9203CF6E-64CA-4E3D-AA0E-DB0C2ADCBAE9}.Debug|Any CPU.ActiveCfg = Debug|Any CPU
		{9203CF6E-64CA-4E3D-AA0E-DB0C2ADCBAE9}.Debug|Any CPU.Build.0 = Debug|Any CPU
		{9203CF6E-64CA-4E3D-AA0E-DB0C2ADCBAE9}.Release|Any CPU.ActiveCfg = Release|Any CPU
		{9203CF6E-64CA-4E3D-AA0E-DB0C2ADCBAE9}.Release|Any CPU.Build.0 = Release|Any CPU
	EndGlobalSection
	GlobalSection(NestedProjects) = preSolution
		{872EF77E-13B3-4714-84CB-89D7CBD82BB5} = {029FA52B-8583-4547-B584-2E3DFF60826C}
		{FF6ED842-CDBB-4791-8183-700884E3B755} = {029FA52B-8583-4547-B584-2E3DFF60826C}
		{62CB84B8-BEA5-46FE-8BC0-0F203163295B} = {029FA52B-8583-4547-B584-2E3DFF60826C}
		{C81AEE9D-73A4-4863-A837-E3D7F3758DBF} = {029FA52B-8583-4547-B584-2E3DFF60826C}
		{92E168C7-0A78-4819-A9E7-D98FBE8802C2} = {60E3CCD7-F753-42B7-A774-2A9C3715AE73}
		{9982B9B9-7719-466E-8D86-839395598062} = {60E3CCD7-F753-42B7-A774-2A9C3715AE73}
		{9203CF6E-64CA-4E3D-AA0E-DB0C2ADCBAE9} = {60E3CCD7-F753-42B7-A774-2A9C3715AE73}
	EndGlobalSection
EndGlobal
